// !$*UTF8*$!
{
	archiveVersion = 1;
	classes = {
	};
	objectVersion = 48;
	objects = {

/* Begin PBXBuildFile section */
		94E87CB12084DCB600E3F439 /* AppDelegate.swift in Sources */ = {isa = PBXBuildFile; fileRef = 94E87CB02084DCB600E3F439 /* AppDelegate.swift */; };
		94E87CB32084DCB600E3F439 /* ViewController.swift in Sources */ = {isa = PBXBuildFile; fileRef = 94E87CB22084DCB600E3F439 /* ViewController.swift */; };
		94E87CB62084DCB600E3F439 /* Main.storyboard in Resources */ = {isa = PBXBuildFile; fileRef = 94E87CB42084DCB600E3F439 /* Main.storyboard */; };
		94E87CB82084DCB600E3F439 /* Assets.xcassets in Resources */ = {isa = PBXBuildFile; fileRef = 94E87CB72084DCB600E3F439 /* Assets.xcassets */; };
		94E87CBB2084DCB600E3F439 /* LaunchScreen.storyboard in Resources */ = {isa = PBXBuildFile; fileRef = 94E87CB92084DCB600E3F439 /* LaunchScreen.storyboard */; };
		94E87CC42084DCCF00E3F439 /* CarsModel.xcdatamodeld in Sources */ = {isa = PBXBuildFile; fileRef = 94E87CC22084DCCF00E3F439 /* CarsModel.xcdatamodeld */; };
		94E87CC72084DDE000E3F439 /* Car+CoreDataClass.swift in Sources */ = {isa = PBXBuildFile; fileRef = 94E87CC52084DDE000E3F439 /* Car+CoreDataClass.swift */; };
		94E87CC82084DDE000E3F439 /* Car+CoreDataProperties.swift in Sources */ = {isa = PBXBuildFile; fileRef = 94E87CC62084DDE000E3F439 /* Car+CoreDataProperties.swift */; };
		94E87CCB2084E07100E3F439 /* Person+CoreDataClass.swift in Sources */ = {isa = PBXBuildFile; fileRef = 94E87CC92084E07100E3F439 /* Person+CoreDataClass.swift */; };
		94E87CCC2084E07100E3F439 /* Person+CoreDataProperties.swift in Sources */ = {isa = PBXBuildFile; fileRef = 94E87CCA2084E07100E3F439 /* Person+CoreDataProperties.swift */; };
/* End PBXBuildFile section */

/* Begin PBXFileReference section */
		94E87CAD2084DCB600E3F439 /* CoreDataSample.app */ = {isa = PBXFileReference; explicitFileType = wrapper.application; includeInIndex = 0; path = CoreDataSample.app; sourceTree = BUILT_PRODUCTS_DIR; };
		94E87CB02084DCB600E3F439 /* AppDelegate.swift */ = {isa = PBXFileReference; lastKnownFileType = sourcecode.swift; path = AppDelegate.swift; sourceTree = "<group>"; };
		94E87CB22084DCB600E3F439 /* ViewController.swift */ = {isa = PBXFileReference; lastKnownFileType = sourcecode.swift; path = ViewController.swift; sourceTree = "<group>"; };
		94E87CB52084DCB600E3F439 /* Base */ = {isa = PBXFileReference; lastKnownFileType = file.storyboard; name = Base; path = Base.lproj/Main.storyboard; sourceTree = "<group>"; };
		94E87CB72084DCB600E3F439 /* Assets.xcassets */ = {isa = PBXFileReference; lastKnownFileType = folder.assetcatalog; path = Assets.xcassets; sourceTree = "<group>"; };
		94E87CBA2084DCB600E3F439 /* Base */ = {isa = PBXFileReference; lastKnownFileType = file.storyboard; name = Base; path = Base.lproj/LaunchScreen.storyboard; sourceTree = "<group>"; };
		94E87CBC2084DCB600E3F439 /* Info.plist */ = {isa = PBXFileReference; lastKnownFileType = text.plist.xml; path = Info.plist; sourceTree = "<group>"; };
		94E87CC32084DCCF00E3F439 /* CarsModel.xcdatamodel */ = {isa = PBXFileReference; lastKnownFileType = wrapper.xcdatamodel; path = CarsModel.xcdatamodel; sourceTree = "<group>"; };
		94E87CC52084DDE000E3F439 /* Car+CoreDataClass.swift */ = {isa = PBXFileReference; lastKnownFileType = sourcecode.swift; name = "Car+CoreDataClass.swift"; path = "CoreDataSample/Car+CoreDataClass.swift"; sourceTree = "<group>"; };
		94E87CC62084DDE000E3F439 /* Car+CoreDataProperties.swift */ = {isa = PBXFileReference; lastKnownFileType = sourcecode.swift; name = "Car+CoreDataProperties.swift"; path = "CoreDataSample/Car+CoreDataProperties.swift"; sourceTree = "<group>"; };
		94E87CC92084E07100E3F439 /* Person+CoreDataClass.swift */ = {isa = PBXFileReference; lastKnownFileType = sourcecode.swift; name = "Person+CoreDataClass.swift"; path = "CoreDataSample/Person+CoreDataClass.swift"; sourceTree = "<group>"; };
		94E87CCA2084E07100E3F439 /* Person+CoreDataProperties.swift */ = {isa = PBXFileReference; lastKnownFileType = sourcecode.swift; name = "Person+CoreDataProperties.swift"; path = "CoreDataSample/Person+CoreDataProperties.swift"; sourceTree = "<group>"; };
/* End PBXFileReference section */

/* Begin PBXFrameworksBuildPhase section */
		94E87CAA2084DCB600E3F439 /* Frameworks */ = {
			isa = PBXFrameworksBuildPhase;
			buildActionMask = 2147483647;
			files = (
			);
			runOnlyForDeploymentPostprocessing = 0;
		};
/* End PBXFrameworksBuildPhase section */

/* Begin PBXGroup section */
		94E87CA42084DCB600E3F439 = {
			isa = PBXGroup;
			children = (
				94E87CC92084E07100E3F439 /* Person+CoreDataClass.swift */,
				94E87CCA2084E07100E3F439 /* Person+CoreDataProperties.swift */,
				94E87CC52084DDE000E3F439 /* Car+CoreDataClass.swift */,
				94E87CC62084DDE000E3F439 /* Car+CoreDataProperties.swift */,
				94E87CAF2084DCB600E3F439 /* CoreDataSample */,
				94E87CAE2084DCB600E3F439 /* Products */,
			);
			sourceTree = "<group>";
		};
		94E87CAE2084DCB600E3F439 /* Products */ = {
			isa = PBXGroup;
			children = (
				94E87CAD2084DCB600E3F439 /* CoreDataSample.app */,
			);
			name = Products;
			sourceTree = "<group>";
		};
		94E87CAF2084DCB600E3F439 /* CoreDataSample */ = {
			isa = PBXGroup;
			children = (
				94E87CB02084DCB600E3F439 /* AppDelegate.swift */,
				94E87CB22084DCB600E3F439 /* ViewController.swift */,
				94E87CB42084DCB600E3F439 /* Main.storyboard */,
				94E87CB72084DCB600E3F439 /* Assets.xcassets */,
				94E87CB92084DCB600E3F439 /* LaunchScreen.storyboard */,
				94E87CBC2084DCB600E3F439 /* Info.plist */,
				94E87CC22084DCCF00E3F439 /* CarsModel.xcdatamodeld */,
			);
			path = CoreDataSample;
			sourceTree = "<group>";
		};
/* End PBXGroup section */

/* Begin PBXNativeTarget section */
		94E87CAC2084DCB600E3F439 /* CoreDataSample */ = {
			isa = PBXNativeTarget;
			buildConfigurationList = 94E87CBF2084DCB600E3F439 /* Build configuration list for PBXNativeTarget "CoreDataSample" */;
			buildPhases = (
				94E87CA92084DCB600E3F439 /* Sources */,
				94E87CAA2084DCB600E3F439 /* Frameworks */,
				94E87CAB2084DCB600E3F439 /* Resources */,
			);
			buildRules = (
			);
			dependencies = (
			);
			name = CoreDataSample;
			productName = CoreDataSample;
			productReference = 94E87CAD2084DCB600E3F439 /* CoreDataSample.app */;
			productType = "com.apple.product-type.application";
		};
/* End PBXNativeTarget section */

/* Begin PBXProject section */
		94E87CA52084DCB600E3F439 /* Project object */ = {
			isa = PBXProject;
			attributes = {
				LastSwiftUpdateCheck = 0920;
				LastUpgradeCheck = 0920;
				ORGANIZATIONNAME = Yandex;
				TargetAttributes = {
					94E87CAC2084DCB600E3F439 = {
						CreatedOnToolsVersion = 9.2;
						ProvisioningStyle = Automatic;
					};
				};
			};
			buildConfigurationList = 94E87CA82084DCB600E3F439 /* Build configuration list for PBXProject "CoreDataSample" */;
			compatibilityVersion = "Xcode 8.0";
			developmentRegion = en;
			hasScannedForEncodings = 0;
			knownRegions = (
				en,
				Base,
			);
			mainGroup = 94E87CA42084DCB600E3F439;
			productRefGroup = 94E87CAE2084DCB600E3F439 /* Products */;
			projectDirPath = "";
			projectRoot = "";
			targets = (
				94E87CAC2084DCB600E3F439 /* CoreDataSample */,
			);
		};
/* End PBXProject section */

/* Begin PBXResourcesBuildPhase section */
		94E87CAB2084DCB600E3F439 /* Resources */ = {
			isa = PBXResourcesBuildPhase;
			buildActionMask = 2147483647;
			files = (
				94E87CBB2084DCB600E3F439 /* LaunchScreen.storyboard in Resources */,
				94E87CB82084DCB600E3F439 /* Assets.xcassets in Resources */,
				94E87CB62084DCB600E3F439 /* Main.storyboard in Resources */,
			);
			runOnlyForDeploymentPostprocessing = 0;
		};
/* End PBXResourcesBuildPhase section */

/* Begin PBXSourcesBuildPhase section */
		94E87CA92084DCB600E3F439 /* Sources */ = {
			isa = PBXSourcesBuildPhase;
			buildActionMask = 2147483647;
			files = (
				94E87CCC2084E07100E3F439 /* Person+CoreDataProperties.swift in Sources */,
				94E87CC72084DDE000E3F439 /* Car+CoreDataClass.swift in Sources */,
				94E87CC82084DDE000E3F439 /* Car+CoreDataProperties.swift in Sources */,
				94E87CCB2084E07100E3F439 /* Person+CoreDataClass.swift in Sources */,
				94E87CC42084DCCF00E3F439 /* CarsModel.xcdatamodeld in Sources */,
				94E87CB32084DCB600E3F439 /* ViewController.swift in Sources */,
				94E87CB12084DCB600E3F439 /* AppDelegate.swift in Sources */,
			);
			runOnlyForDeploymentPostprocessing = 0;
		};
/* End PBXSourcesBuildPhase section */

/* Begin PBXVariantGroup section */
		94E87CB42084DCB600E3F439 /* Main.storyboard */ = {
			isa = PBXVariantGroup;
			children = (
				94E87CB52084DCB600E3F439 /* Base */,
			);
			name = Main.storyboard;
			sourceTree = "<group>";
		};
		94E87CB92084DCB600E3F439 /* LaunchScreen.storyboard */ = {
			isa = PBXVariantGroup;
			children = (
				94E87CBA2084DCB600E3F439 /* Base */,
			);
			name = LaunchScreen.storyboard;
			sourceTree = "<group>";
		};
/* End PBXVariantGroup section */

/* Begin XCBuildConfiguration section */
		94E87CBD2084DCB600E3F439 /* Debug */ = {
			isa = XCBuildConfiguration;
			buildSettings = {
				ALWAYS_SEARCH_USER_PATHS = NO;
				CLANG_ANALYZER_NONNULL = YES;
				CLANG_ANALYZER_NUMBER_OBJECT_CONVERSION = YES_AGGRESSIVE;
				CLANG_CXX_LANGUAGE_STANDARD = "gnu++14";
				CLANG_CXX_LIBRARY = "libc++";
				CLANG_ENABLE_MODULES = YES;
				CLANG_ENABLE_OBJC_ARC = YES;
				CLANG_WARN_BLOCK_CAPTURE_AUTORELEASING = YES;
				CLANG_WARN_BOOL_CONVERSION = YES;
				CLANG_WARN_COMMA = YES;
				CLANG_WARN_CONSTANT_CONVERSION = YES;
				CLANG_WARN_DIRECT_OBJC_ISA_USAGE = YES_ERROR;
				CLANG_WARN_DOCUMENTATION_COMMENTS = YES;
				CLANG_WARN_EMPTY_BODY = YES;
				CLANG_WARN_ENUM_CONVERSION = YES;
				CLANG_WARN_INFINITE_RECURSION = YES;
				CLANG_WARN_INT_CONVERSION = YES;
				CLANG_WARN_NON_LITERAL_NULL_CONVERSION = YES;
				CLANG_WARN_OBJC_LITERAL_CONVERSION = YES;
				CLANG_WARN_OBJC_ROOT_CLASS = YES_ERROR;
				CLANG_WARN_RANGE_LOOP_ANALYSIS = YES;
				CLANG_WARN_STRICT_PROTOTYPES = YES;
				CLANG_WARN_SUSPICIOUS_MOVE = YES;
				CLANG_WARN_UNGUARDED_AVAILABILITY = YES_AGGRESSIVE;
				CLANG_WARN_UNREACHABLE_CODE = YES;
				CLANG_WARN__DUPLICATE_METHOD_MATCH = YES;
				CODE_SIGN_IDENTITY = "iPhone Developer";
				COPY_PHASE_STRIP = NO;
				DEBUG_INFORMATION_FORMAT = dwarf;
				ENABLE_STRICT_OBJC_MSGSEND = YES;
				ENABLE_TESTABILITY = YES;
				GCC_C_LANGUAGE_STANDARD = gnu11;
				GCC_DYNAMIC_NO_PIC = NO;
				GCC_NO_COMMON_BLOCKS = YES;
				GCC_OPTIMIZATION_LEVEL = 0;
				GCC_PREPROCESSOR_DEFINITIONS = (
					"DEBUG=1",
					"$(inherited)",
				);
				GCC_WARN_64_TO_32_BIT_CONVERSION = YES;
				GCC_WARN_ABOUT_RETURN_TYPE = YES_ERROR;
				GCC_WARN_UNDECLARED_SELECTOR = YES;
				GCC_WARN_UNINITIALIZED_AUTOS = YES_AGGRESSIVE;
				GCC_WARN_UNUSED_FUNCTION = YES;
				GCC_WARN_UNUSED_VARIABLE = YES;
				IPHONEOS_DEPLOYMENT_TARGET = 11.2;
				MTL_ENABLE_DEBUG_INFO = YES;
				ONLY_ACTIVE_ARCH = YES;
				SDKROOT = iphoneos;
				SWIFT_ACTIVE_COMPILATION_CONDITIONS = DEBUG;
				SWIFT_OPTIMIZATION_LEVEL = "-Onone";
			};
			name = Debug;
		};
		94E87CBE2084DCB600E3F439 /* Release */ = {
			isa = XCBuildConfiguration;
			buildSettings = {
				ALWAYS_SEARCH_USER_PATHS = NO;
				CLANG_ANALYZER_NONNULL = YES;
				CLANG_ANALYZER_NUMBER_OBJECT_CONVERSION = YES_AGGRESSIVE;
				CLANG_CXX_LANGUAGE_STANDARD = "gnu++14";
				CLANG_CXX_LIBRARY = "libc++";
				CLANG_ENABLE_MODULES = YES;
				CLANG_ENABLE_OBJC_ARC = YES;
				CLANG_WARN_BLOCK_CAPTURE_AUTORELEASING = YES;
				CLANG_WARN_BOOL_CONVERSION = YES;
				CLANG_WARN_COMMA = YES;
				CLANG_WARN_CONSTANT_CONVERSION = YES;
				CLANG_WARN_DIRECT_OBJC_ISA_USAGE = YES_ERROR;
				CLANG_WARN_DOCUMENTATION_COMMENTS = YES;
				CLANG_WARN_EMPTY_BODY = YES;
				CLANG_WARN_ENUM_CONVERSION = YES;
				CLANG_WARN_INFINITE_RECURSION = YES;
				CLANG_WARN_INT_CONVERSION = YES;
				CLANG_WARN_NON_LITERAL_NULL_CONVERSION = YES;
				CLANG_WARN_OBJC_LITERAL_CONVERSION = YES;
				CLANG_WARN_OBJC_ROOT_CLASS = YES_ERROR;
				CLANG_WARN_RANGE_LOOP_ANALYSIS = YES;
				CLANG_WARN_STRICT_PROTOTYPES = YES;
				CLANG_WARN_SUSPICIOUS_MOVE = YES;
				CLANG_WARN_UNGUARDED_AVAILABILITY = YES_AGGRESSIVE;
				CLANG_WARN_UNREACHABLE_CODE = YES;
				CLANG_WARN__DUPLICATE_METHOD_MATCH = YES;
				CODE_SIGN_IDENTITY = "iPhone Developer";
				COPY_PHASE_STRIP = NO;
				DEBUG_INFORMATION_FORMAT = "dwarf-with-dsym";
				ENABLE_NS_ASSERTIONS = NO;
				ENABLE_STRICT_OBJC_MSGSEND = YES;
				GCC_C_LANGUAGE_STANDARD = gnu11;
				GCC_NO_COMMON_BLOCKS = YES;
				GCC_WARN_64_TO_32_BIT_CONVERSION = YES;
				GCC_WARN_ABOUT_RETURN_TYPE = YES_ERROR;
				GCC_WARN_UNDECLARED_SELECTOR = YES;
				GCC_WARN_UNINITIALIZED_AUTOS = YES_AGGRESSIVE;
				GCC_WARN_UNUSED_FUNCTION = YES;
				GCC_WARN_UNUSED_VARIABLE = YES;
				IPHONEOS_DEPLOYMENT_TARGET = 11.2;
				MTL_ENABLE_DEBUG_INFO = NO;
				SDKROOT = iphoneos;
				SWIFT_OPTIMIZATION_LEVEL = "-Owholemodule";
				VALIDATE_PRODUCT = YES;
			};
			name = Release;
		};
		94E87CC02084DCB600E3F439 /* Debug */ = {
			isa = XCBuildConfiguration;
			buildSettings = {
				ASSETCATALOG_COMPILER_APPICON_NAME = AppIcon;
				CODE_SIGN_STYLE = Automatic;
				DEVELOPMENT_TEAM = EK7Z26L6D4;
				INFOPLIST_FILE = CoreDataSample/Info.plist;
				LD_RUNPATH_SEARCH_PATHS = "$(inherited) @executable_path/Frameworks";
				PRODUCT_BUNDLE_IDENTIFIER = ru.yandex.CoreDataSample;
				PRODUCT_NAME = "$(TARGET_NAME)";
				SWIFT_VERSION = 4.0;
				TARGETED_DEVICE_FAMILY = "1,2";
			};
			name = Debug;
		};
		94E87CC12084DCB600E3F439 /* Release */ = {
			isa = XCBuildConfiguration;
			buildSettings = {
				ASSETCATALOG_COMPILER_APPICON_NAME = AppIcon;
				CODE_SIGN_STYLE = Automatic;
				DEVELOPMENT_TEAM = EK7Z26L6D4;
				INFOPLIST_FILE = CoreDataSample/Info.plist;
				LD_RUNPATH_SEARCH_PATHS = "$(inherited) @executable_path/Frameworks";
				PRODUCT_BUNDLE_IDENTIFIER = ru.yandex.CoreDataSample;
				PRODUCT_NAME = "$(TARGET_NAME)";
				SWIFT_VERSION = 4.0;
				TARGETED_DEVICE_FAMILY = "1,2";
			};
			name = Release;
		};
/* End XCBuildConfiguration section */

/* Begin XCConfigurationList section */
		94E87CA82084DCB600E3F439 /* Build configuration list for PBXProject "CoreDataSample" */ = {
			isa = XCConfigurationList;
			buildConfigurations = (
				94E87CBD2084DCB600E3F439 /* Debug */,
				94E87CBE2084DCB600E3F439 /* Release */,
			);
			defaultConfigurationIsVisible = 0;
			defaultConfigurationName = Release;
		};
		94E87CBF2084DCB600E3F439 /* Build configuration list for PBXNativeTarget "CoreDataSample" */ = {
			isa = XCConfigurationList;
			buildConfigurations = (
				94E87CC02084DCB600E3F439 /* Debug */,
				94E87CC12084DCB600E3F439 /* Release */,
			);
			defaultConfigurationIsVisible = 0;
			defaultConfigurationName = Release;
		};
/* End XCConfigurationList section */

/* Begin XCVersionGroup section */
		94E87CC22084DCCF00E3F439 /* CarsModel.xcdatamodeld */ = {
			isa = XCVersionGroup;
			children = (
				94E87CC32084DCCF00E3F439 /* CarsModel.xcdatamodel */,
			);
			currentVersion = 94E87CC32084DCCF00E3F439 /* CarsModel.xcdatamodel */;
			path = CarsModel.xcdatamodeld;
			sourceTree = "<group>";
			versionGroupType = wrapper.xcdatamodel;
		};
/* End XCVersionGroup section */
	};
	rootObject = 94E87CA52084DCB600E3F439 /* Project object */;
}
