// !$*UTF8*$!
{
	archiveVersion = 1;
	classes = {
	};
	objectVersion = 48;
	objects = {

/* Begin PBXBuildFile section */
		94FC58FC20751F16006C4E7A /* AppDelegate.swift in Sources */ = {isa = PBXBuildFile; fileRef = 94FC58FB20751F16006C4E7A /* AppDelegate.swift */; };
		94FC58FE20751F16006C4E7A /* ViewController.swift in Sources */ = {isa = PBXBuildFile; fileRef = 94FC58FD20751F16006C4E7A /* ViewController.swift */; };
		94FC590120751F16006C4E7A /* Main.storyboard in Resources */ = {isa = PBXBuildFile; fileRef = 94FC58FF20751F16006C4E7A /* Main.storyboard */; };
		94FC590320751F16006C4E7A /* Assets.xcassets in Resources */ = {isa = PBXBuildFile; fileRef = 94FC590220751F16006C4E7A /* Assets.xcassets */; };
		94FC590620751F16006C4E7A /* LaunchScreen.storyboard in Resources */ = {isa = PBXBuildFile; fileRef = 94FC590420751F16006C4E7A /* LaunchScreen.storyboard */; };
		94FC590E20751F26006C4E7A /* FileNotebook.swift in Sources */ = {isa = PBXBuildFile; fileRef = 94FC590D20751F26006C4E7A /* FileNotebook.swift */; };
		94FC5910207521DD006C4E7A /* ViewControllerFactory.swift in Sources */ = {isa = PBXBuildFile; fileRef = 94FC590F207521DD006C4E7A /* ViewControllerFactory.swift */; };
/* End PBXBuildFile section */

/* Begin PBXFileReference section */
		94FC58F820751F16006C4E7A /* InjectSample.app */ = {isa = PBXFileReference; explicitFileType = wrapper.application; includeInIndex = 0; path = InjectSample.app; sourceTree = BUILT_PRODUCTS_DIR; };
		94FC58FB20751F16006C4E7A /* AppDelegate.swift */ = {isa = PBXFileReference; lastKnownFileType = sourcecode.swift; path = AppDelegate.swift; sourceTree = "<group>"; };
		94FC58FD20751F16006C4E7A /* ViewController.swift */ = {isa = PBXFileReference; lastKnownFileType = sourcecode.swift; path = ViewController.swift; sourceTree = "<group>"; };
		94FC590020751F16006C4E7A /* Base */ = {isa = PBXFileReference; lastKnownFileType = file.storyboard; name = Base; path = Base.lproj/Main.storyboard; sourceTree = "<group>"; };
		94FC590220751F16006C4E7A /* Assets.xcassets */ = {isa = PBXFileReference; lastKnownFileType = folder.assetcatalog; path = Assets.xcassets; sourceTree = "<group>"; };
		94FC590520751F16006C4E7A /* Base */ = {isa = PBXFileReference; lastKnownFileType = file.storyboard; name = Base; path = Base.lproj/LaunchScreen.storyboard; sourceTree = "<group>"; };
		94FC590720751F16006C4E7A /* Info.plist */ = {isa = PBXFileReference; lastKnownFileType = text.plist.xml; path = Info.plist; sourceTree = "<group>"; };
		94FC590D20751F26006C4E7A /* FileNotebook.swift */ = {isa = PBXFileReference; lastKnownFileType = sourcecode.swift; path = FileNotebook.swift; sourceTree = "<group>"; };
		94FC590F207521DD006C4E7A /* ViewControllerFactory.swift */ = {isa = PBXFileReference; lastKnownFileType = sourcecode.swift; path = ViewControllerFactory.swift; sourceTree = "<group>"; };
/* End PBXFileReference section */

/* Begin PBXFrameworksBuildPhase section */
		94FC58F520751F16006C4E7A /* Frameworks */ = {
			isa = PBXFrameworksBuildPhase;
			buildActionMask = 2147483647;
			files = (
			);
			runOnlyForDeploymentPostprocessing = 0;
		};
/* End PBXFrameworksBuildPhase section */

/* Begin PBXGroup section */
		94FC58EF20751F16006C4E7A = {
			isa = PBXGroup;
			children = (
				94FC58FA20751F16006C4E7A /* InjectSample */,
				94FC58F920751F16006C4E7A /* Products */,
			);
			sourceTree = "<group>";
		};
		94FC58F920751F16006C4E7A /* Products */ = {
			isa = PBXGroup;
			children = (
				94FC58F820751F16006C4E7A /* InjectSample.app */,
			);
			name = Products;
			sourceTree = "<group>";
		};
		94FC58FA20751F16006C4E7A /* InjectSample */ = {
			isa = PBXGroup;
			children = (
				94FC58FB20751F16006C4E7A /* AppDelegate.swift */,
				94FC58FD20751F16006C4E7A /* ViewController.swift */,
				94FC58FF20751F16006C4E7A /* Main.storyboard */,
				94FC590220751F16006C4E7A /* Assets.xcassets */,
				94FC590420751F16006C4E7A /* LaunchScreen.storyboard */,
				94FC590720751F16006C4E7A /* Info.plist */,
				94FC590D20751F26006C4E7A /* FileNotebook.swift */,
				94FC590F207521DD006C4E7A /* ViewControllerFactory.swift */,
			);
			path = InjectSample;
			sourceTree = "<group>";
		};
/* End PBXGroup section */

/* Begin PBXNativeTarget section */
		94FC58F720751F16006C4E7A /* InjectSample */ = {
			isa = PBXNativeTarget;
			buildConfigurationList = 94FC590A20751F16006C4E7A /* Build configuration list for PBXNativeTarget "InjectSample" */;
			buildPhases = (
				94FC58F420751F16006C4E7A /* Sources */,
				94FC58F520751F16006C4E7A /* Frameworks */,
				94FC58F620751F16006C4E7A /* Resources */,
			);
			buildRules = (
			);
			dependencies = (
			);
			name = InjectSample;
			productName = InjectSample;
			productReference = 94FC58F820751F16006C4E7A /* InjectSample.app */;
			productType = "com.apple.product-type.application";
		};
/* End PBXNativeTarget section */

/* Begin PBXProject section */
		94FC58F020751F16006C4E7A /* Project object */ = {
			isa = PBXProject;
			attributes = {
				LastSwiftUpdateCheck = 0920;
				LastUpgradeCheck = 0920;
				ORGANIZATIONNAME = Yandex;
				TargetAttributes = {
					94FC58F720751F16006C4E7A = {
						CreatedOnToolsVersion = 9.2;
						ProvisioningStyle = Automatic;
					};
				};
			};
			buildConfigurationList = 94FC58F320751F16006C4E7A /* Build configuration list for PBXProject "InjectSample" */;
			compatibilityVersion = "Xcode 8.0";
			developmentRegion = en;
			hasScannedForEncodings = 0;
			knownRegions = (
				en,
				Base,
			);
			mainGroup = 94FC58EF20751F16006C4E7A;
			productRefGroup = 94FC58F920751F16006C4E7A /* Products */;
			projectDirPath = "";
			projectRoot = "";
			targets = (
				94FC58F720751F16006C4E7A /* InjectSample */,
			);
		};
/* End PBXProject section */

/* Begin PBXResourcesBuildPhase section */
		94FC58F620751F16006C4E7A /* Resources */ = {
			isa = PBXResourcesBuildPhase;
			buildActionMask = 2147483647;
			files = (
				94FC590620751F16006C4E7A /* LaunchScreen.storyboard in Resources */,
				94FC590320751F16006C4E7A /* Assets.xcassets in Resources */,
				94FC590120751F16006C4E7A /* Main.storyboard in Resources */,
			);
			runOnlyForDeploymentPostprocessing = 0;
		};
/* End PBXResourcesBuildPhase section */

/* Begin PBXSourcesBuildPhase section */
		94FC58F420751F16006C4E7A /* Sources */ = {
			isa = PBXSourcesBuildPhase;
			buildActionMask = 2147483647;
			files = (
				94FC590E20751F26006C4E7A /* FileNotebook.swift in Sources */,
				94FC5910207521DD006C4E7A /* ViewControllerFactory.swift in Sources */,
				94FC58FE20751F16006C4E7A /* ViewController.swift in Sources */,
				94FC58FC20751F16006C4E7A /* AppDelegate.swift in Sources */,
			);
			runOnlyForDeploymentPostprocessing = 0;
		};
/* End PBXSourcesBuildPhase section */

/* Begin PBXVariantGroup section */
		94FC58FF20751F16006C4E7A /* Main.storyboard */ = {
			isa = PBXVariantGroup;
			children = (
				94FC590020751F16006C4E7A /* Base */,
			);
			name = Main.storyboard;
			sourceTree = "<group>";
		};
		94FC590420751F16006C4E7A /* LaunchScreen.storyboard */ = {
			isa = PBXVariantGroup;
			children = (
				94FC590520751F16006C4E7A /* Base */,
			);
			name = LaunchScreen.storyboard;
			sourceTree = "<group>";
		};
/* End PBXVariantGroup section */

/* Begin XCBuildConfiguration section */
		94FC590820751F16006C4E7A /* Debug */ = {
			isa = XCBuildConfiguration;
			buildSettings = {
				ALWAYS_SEARCH_USER_PATHS = NO;
				CLANG_ANALYZER_NONNULL = YES;
				CLANG_ANALYZER_NUMBER_OBJECT_CONVERSION = YES_AGGRESSIVE;
				CLANG_CXX_LANGUAGE_STANDARD = "gnu++14";
				CLANG_CXX_LIBRARY = "libc++";
				CLANG_ENABLE_MODULES = YES;
				CLANG_ENABLE_OBJC_ARC = YES;
				CLANG_WARN_BLOCK_CAPTURE_AUTORELEASING = YES;
				CLANG_WARN_BOOL_CONVERSION = YES;
				CLANG_WARN_COMMA = YES;
				CLANG_WARN_CONSTANT_CONVERSION = YES;
				CLANG_WARN_DIRECT_OBJC_ISA_USAGE = YES_ERROR;
				CLANG_WARN_DOCUMENTATION_COMMENTS = YES;
				CLANG_WARN_EMPTY_BODY = YES;
				CLANG_WARN_ENUM_CONVERSION = YES;
				CLANG_WARN_INFINITE_RECURSION = YES;
				CLANG_WARN_INT_CONVERSION = YES;
				CLANG_WARN_NON_LITERAL_NULL_CONVERSION = YES;
				CLANG_WARN_OBJC_LITERAL_CONVERSION = YES;
				CLANG_WARN_OBJC_ROOT_CLASS = YES_ERROR;
				CLANG_WARN_RANGE_LOOP_ANALYSIS = YES;
				CLANG_WARN_STRICT_PROTOTYPES = YES;
				CLANG_WARN_SUSPICIOUS_MOVE = YES;
				CLANG_WARN_UNGUARDED_AVAILABILITY = YES_AGGRESSIVE;
				CLANG_WARN_UNREACHABLE_CODE = YES;
				CLANG_WARN__DUPLICATE_METHOD_MATCH = YES;
				CODE_SIGN_IDENTITY = "iPhone Developer";
				COPY_PHASE_STRIP = NO;
				DEBUG_INFORMATION_FORMAT = dwarf;
				ENABLE_STRICT_OBJC_MSGSEND = YES;
				ENABLE_TESTABILITY = YES;
				GCC_C_LANGUAGE_STANDARD = gnu11;
				GCC_DYNAMIC_NO_PIC = NO;
				GCC_NO_COMMON_BLOCKS = YES;
				GCC_OPTIMIZATION_LEVEL = 0;
				GCC_PREPROCESSOR_DEFINITIONS = (
					"DEBUG=1",
					"$(inherited)",
				);
				GCC_WARN_64_TO_32_BIT_CONVERSION = YES;
				GCC_WARN_ABOUT_RETURN_TYPE = YES_ERROR;
				GCC_WARN_UNDECLARED_SELECTOR = YES;
				GCC_WARN_UNINITIALIZED_AUTOS = YES_AGGRESSIVE;
				GCC_WARN_UNUSED_FUNCTION = YES;
				GCC_WARN_UNUSED_VARIABLE = YES;
				IPHONEOS_DEPLOYMENT_TARGET = 11.2;
				MTL_ENABLE_DEBUG_INFO = YES;
				ONLY_ACTIVE_ARCH = YES;
				SDKROOT = iphoneos;
				SWIFT_ACTIVE_COMPILATION_CONDITIONS = DEBUG;
				SWIFT_OPTIMIZATION_LEVEL = "-Onone";
			};
			name = Debug;
		};
		94FC590920751F16006C4E7A /* Release */ = {
			isa = XCBuildConfiguration;
			buildSettings = {
				ALWAYS_SEARCH_USER_PATHS = NO;
				CLANG_ANALYZER_NONNULL = YES;
				CLANG_ANALYZER_NUMBER_OBJECT_CONVERSION = YES_AGGRESSIVE;
				CLANG_CXX_LANGUAGE_STANDARD = "gnu++14";
				CLANG_CXX_LIBRARY = "libc++";
				CLANG_ENABLE_MODULES = YES;
				CLANG_ENABLE_OBJC_ARC = YES;
				CLANG_WARN_BLOCK_CAPTURE_AUTORELEASING = YES;
				CLANG_WARN_BOOL_CONVERSION = YES;
				CLANG_WARN_COMMA = YES;
				CLANG_WARN_CONSTANT_CONVERSION = YES;
				CLANG_WARN_DIRECT_OBJC_ISA_USAGE = YES_ERROR;
				CLANG_WARN_DOCUMENTATION_COMMENTS = YES;
				CLANG_WARN_EMPTY_BODY = YES;
				CLANG_WARN_ENUM_CONVERSION = YES;
				CLANG_WARN_INFINITE_RECURSION = YES;
				CLANG_WARN_INT_CONVERSION = YES;
				CLANG_WARN_NON_LITERAL_NULL_CONVERSION = YES;
				CLANG_WARN_OBJC_LITERAL_CONVERSION = YES;
				CLANG_WARN_OBJC_ROOT_CLASS = YES_ERROR;
				CLANG_WARN_RANGE_LOOP_ANALYSIS = YES;
				CLANG_WARN_STRICT_PROTOTYPES = YES;
				CLANG_WARN_SUSPICIOUS_MOVE = YES;
				CLANG_WARN_UNGUARDED_AVAILABILITY = YES_AGGRESSIVE;
				CLANG_WARN_UNREACHABLE_CODE = YES;
				CLANG_WARN__DUPLICATE_METHOD_MATCH = YES;
				CODE_SIGN_IDENTITY = "iPhone Developer";
				COPY_PHASE_STRIP = NO;
				DEBUG_INFORMATION_FORMAT = "dwarf-with-dsym";
				ENABLE_NS_ASSERTIONS = NO;
				ENABLE_STRICT_OBJC_MSGSEND = YES;
				GCC_C_LANGUAGE_STANDARD = gnu11;
				GCC_NO_COMMON_BLOCKS = YES;
				GCC_WARN_64_TO_32_BIT_CONVERSION = YES;
				GCC_WARN_ABOUT_RETURN_TYPE = YES_ERROR;
				GCC_WARN_UNDECLARED_SELECTOR = YES;
				GCC_WARN_UNINITIALIZED_AUTOS = YES_AGGRESSIVE;
				GCC_WARN_UNUSED_FUNCTION = YES;
				GCC_WARN_UNUSED_VARIABLE = YES;
				IPHONEOS_DEPLOYMENT_TARGET = 11.2;
				MTL_ENABLE_DEBUG_INFO = NO;
				SDKROOT = iphoneos;
				SWIFT_OPTIMIZATION_LEVEL = "-Owholemodule";
				VALIDATE_PRODUCT = YES;
			};
			name = Release;
		};
		94FC590B20751F16006C4E7A /* Debug */ = {
			isa = XCBuildConfiguration;
			buildSettings = {
				ASSETCATALOG_COMPILER_APPICON_NAME = AppIcon;
				CODE_SIGN_STYLE = Automatic;
				DEVELOPMENT_TEAM = EK7Z26L6D4;
				INFOPLIST_FILE = InjectSample/Info.plist;
				LD_RUNPATH_SEARCH_PATHS = "$(inherited) @executable_path/Frameworks";
				PRODUCT_BUNDLE_IDENTIFIER = ru.yandex.InjectSample;
				PRODUCT_NAME = "$(TARGET_NAME)";
				SWIFT_VERSION = 4.0;
				TARGETED_DEVICE_FAMILY = "1,2";
			};
			name = Debug;
		};
		94FC590C20751F16006C4E7A /* Release */ = {
			isa = XCBuildConfiguration;
			buildSettings = {
				ASSETCATALOG_COMPILER_APPICON_NAME = AppIcon;
				CODE_SIGN_STYLE = Automatic;
				DEVELOPMENT_TEAM = EK7Z26L6D4;
				INFOPLIST_FILE = InjectSample/Info.plist;
				LD_RUNPATH_SEARCH_PATHS = "$(inherited) @executable_path/Frameworks";
				PRODUCT_BUNDLE_IDENTIFIER = ru.yandex.InjectSample;
				PRODUCT_NAME = "$(TARGET_NAME)";
				SWIFT_VERSION = 4.0;
				TARGETED_DEVICE_FAMILY = "1,2";
			};
			name = Release;
		};
/* End XCBuildConfiguration section */

/* Begin XCConfigurationList section */
		94FC58F320751F16006C4E7A /* Build configuration list for PBXProject "InjectSample" */ = {
			isa = XCConfigurationList;
			buildConfigurations = (
				94FC590820751F16006C4E7A /* Debug */,
				94FC590920751F16006C4E7A /* Release */,
			);
			defaultConfigurationIsVisible = 0;
			defaultConfigurationName = Release;
		};
		94FC590A20751F16006C4E7A /* Build configuration list for PBXNativeTarget "InjectSample" */ = {
			isa = XCConfigurationList;
			buildConfigurations = (
				94FC590B20751F16006C4E7A /* Debug */,
				94FC590C20751F16006C4E7A /* Release */,
			);
			defaultConfigurationIsVisible = 0;
			defaultConfigurationName = Release;
		};
/* End XCConfigurationList section */
	};
	rootObject = 94FC58F020751F16006C4E7A /* Project object */;
}
